
Microsoft Visual Studio Solution File, Format Version 12.00
# Visual Studio Version 16
VisualStudioVersion = 16.0.31205.134
MinimumVisualStudioVersion = 10.0.40219.1
Project("{FAE04EC0-301F-11D3-BF4B-00C04F79EFBC}") = "Zundel_Dialer", "Zundel_Dialer\Zundel_Dialer.csproj", "{703C5C4E-20FC-4ED2-B69E-65F64D7DEC82}"
EndProject
Global
	GlobalSection(SolutionConfigurationPlatforms) = preSolution
		Debug|Any CPU = Debug|Any CPU
		Release|Any CPU = Release|Any CPU
	EndGlobalSection
	GlobalSection(ProjectConfigurationPlatforms) = postSolution
		{703C5C4E-20FC-4ED2-B69E-65F64D7DEC82}.Debug|Any CPU.ActiveCfg = Debug|Any CPU
		{703C5C4E-20FC-4ED2-B69E-65F64D7DEC82}.Debug|Any CPU.Build.0 = Debug|Any CPU
		{703C5C4E-20FC-4ED2-B69E-65F64D7DEC82}.Release|Any CPU.ActiveCfg = Release|Any CPU
		{703C5C4E-20FC-4ED2-B69E-65F64D7DEC82}.Release|Any CPU.Build.0 = Release|Any CPU
	EndGlobalSection
	GlobalSection(SolutionProperties) = preSolution
		HideSolutionNode = FALSE
	EndGlobalSection
	GlobalSection(ExtensibilityGlobals) = postSolution
		SolutionGuid = {4007316C-D01E-4D62-9693-5F0B796D3CDA}
	EndGlobalSection
EndGlobal
